
Microsoft Visual Studio Solution File, Format Version 11.00
# Visual Studio 2010
Project("{FAE04EC0-301F-11D3-BF4B-00C04F79EFBC}") = "Shar3D_Space_AR_Prototype_SinglePlayer_V3", "Assembly-CSharp.csproj", "{F42C4CFB-7A19-7A43-76E3-2BB0624B014B}"
EndProject
Project("{FAE04EC0-301F-11D3-BF4B-00C04F79EFBC}") = "Shar3D_Space_AR_Prototype_SinglePlayer_V3", "Assembly-CSharp-Editor.csproj", "{BBD3D750-0B10-5718-54B0-5D516DC2C531}"
EndProject
Global
	GlobalSection(SolutionConfigurationPlatforms) = preSolution
		Debug|Any CPU = Debug|Any CPU
		Release|Any CPU = Release|Any CPU
	EndGlobalSection
	GlobalSection(ProjectConfigurationPlatforms) = postSolution
		{F42C4CFB-7A19-7A43-76E3-2BB0624B014B}.Debug|Any CPU.ActiveCfg = Debug|Any CPU
		{F42C4CFB-7A19-7A43-76E3-2BB0624B014B}.Debug|Any CPU.Build.0 = Debug|Any CPU
		{F42C4CFB-7A19-7A43-76E3-2BB0624B014B}.Release|Any CPU.ActiveCfg = Release|Any CPU
		{F42C4CFB-7A19-7A43-76E3-2BB0624B014B}.Release|Any CPU.Build.0 = Release|Any CPU
		{BBD3D750-0B10-5718-54B0-5D516DC2C531}.Debug|Any CPU.ActiveCfg = Debug|Any CPU
		{BBD3D750-0B10-5718-54B0-5D516DC2C531}.Debug|Any CPU.Build.0 = Debug|Any CPU
		{BBD3D750-0B10-5718-54B0-5D516DC2C531}.Release|Any CPU.ActiveCfg = Release|Any CPU
		{BBD3D750-0B10-5718-54B0-5D516DC2C531}.Release|Any CPU.Build.0 = Release|Any CPU
	EndGlobalSection
	GlobalSection(SolutionProperties) = preSolution
		HideSolutionNode = FALSE
	EndGlobalSection
	GlobalSection(MonoDevelopProperties) = preSolution
		StartupItem = Assembly-CSharp.csproj
	EndGlobalSection
EndGlobal
